
Microsoft Visual Studio Solution File, Format Version 12.00
# Visual Studio Version 17
VisualStudioVersion = 17.5.002.0
MinimumVisualStudioVersion = 10.0.40219.1
Project("{9A19103F-16F7-4668-BE54-9A1E7A4F7556}") = "myWebApp", "src\myWebApp.csproj", "{BD149AAB-ED93-4398-80D6-5185E3C62B62}"
EndProject
Project("{9A19103F-16F7-4668-BE54-9A1E7A4F7556}") = "tests", "tests\tests.csproj", "{B8425430-1D42-4827-A736-5D9FF913D19E}"
EndProject
Global
	GlobalSection(SolutionConfigurationPlatforms) = preSolution
		Debug|Any CPU = Debug|Any CPU
		Release|Any CPU = Release|Any CPU
	EndGlobalSection
	GlobalSection(ProjectConfigurationPlatforms) = postSolution
		{BD149AAB-ED93-4398-80D6-5185E3C62B62}.Debug|Any CPU.ActiveCfg = Debug|Any CPU
		{BD149AAB-ED93-4398-80D6-5185E3C62B62}.Debug|Any CPU.Build.0 = Debug|Any CPU
		{BD149AAB-ED93-4398-80D6-5185E3C62B62}.Release|Any CPU.ActiveCfg = Release|Any CPU
		{BD149AAB-ED93-4398-80D6-5185E3C62B62}.Release|Any CPU.Build.0 = Release|Any CPU
		{B8425430-1D42-4827-A736-5D9FF913D19E}.Debug|Any CPU.ActiveCfg = Debug|Any CPU
		{B8425430-1D42-4827-A736-5D9FF913D19E}.Debug|Any CPU.Build.0 = Debug|Any CPU
		{B8425430-1D42-4827-A736-5D9FF913D19E}.Release|Any CPU.ActiveCfg = Release|Any CPU
		{B8425430-1D42-4827-A736-5D9FF913D19E}.Release|Any CPU.Build.0 = Release|Any CPU
	EndGlobalSection
	GlobalSection(SolutionProperties) = preSolution
		HideSolutionNode = FALSE
	EndGlobalSection
	GlobalSection(ExtensibilityGlobals) = postSolution
		SolutionGuid = {A0CA2880-C133-4C47-AE55-41AB3461D41E}
	EndGlobalSection
EndGlobal
